// !$*UTF8*$!
{
	archiveVersion = 1;
	classes = {
	};
	objectVersion = 50;
	objects = {

/* Begin PBXBuildFile section */
		8895EF2E21912CF70090DDC0 /* AppDelegate.swift in Sources */ = {isa = PBXBuildFile; fileRef = 8895EF2D21912CF70090DDC0 /* AppDelegate.swift */; };
		8895EF3321912CF70090DDC0 /* Main.storyboard in Resources */ = {isa = PBXBuildFile; fileRef = 8895EF3121912CF70090DDC0 /* Main.storyboard */; };
		8895EF3521912CF90090DDC0 /* Assets.xcassets in Resources */ = {isa = PBXBuildFile; fileRef = 8895EF3421912CF90090DDC0 /* Assets.xcassets */; };
		8895EF3821912CF90090DDC0 /* LaunchScreen.storyboard in Resources */ = {isa = PBXBuildFile; fileRef = 8895EF3621912CF90090DDC0 /* LaunchScreen.storyboard */; };
		8895EF4321912CFA0090DDC0 /* DY_DEMOTests.swift in Sources */ = {isa = PBXBuildFile; fileRef = 8895EF4221912CFA0090DDC0 /* DY_DEMOTests.swift */; };
		8895EF4E21912CFA0090DDC0 /* DY_DEMOUITests.swift in Sources */ = {isa = PBXBuildFile; fileRef = 8895EF4D21912CFA0090DDC0 /* DY_DEMOUITests.swift */; };
/* End PBXBuildFile section */

/* Begin PBXContainerItemProxy section */
		8895EF3F21912CFA0090DDC0 /* PBXContainerItemProxy */ = {
			isa = PBXContainerItemProxy;
			containerPortal = 8895EF2221912CF70090DDC0 /* Project object */;
			proxyType = 1;
			remoteGlobalIDString = 8895EF2921912CF70090DDC0;
			remoteInfo = "DY-DEMO";
		};
		8895EF4A21912CFA0090DDC0 /* PBXContainerItemProxy */ = {
			isa = PBXContainerItemProxy;
			containerPortal = 8895EF2221912CF70090DDC0 /* Project object */;
			proxyType = 1;
			remoteGlobalIDString = 8895EF2921912CF70090DDC0;
			remoteInfo = "DY-DEMO";
		};
/* End PBXContainerItemProxy section */

/* Begin PBXFileReference section */
		8895EF2A21912CF70090DDC0 /* DY-DEMO.app */ = {isa = PBXFileReference; explicitFileType = wrapper.application; includeInIndex = 0; path = "DY-DEMO.app"; sourceTree = BUILT_PRODUCTS_DIR; };
		8895EF2D21912CF70090DDC0 /* AppDelegate.swift */ = {isa = PBXFileReference; lastKnownFileType = sourcecode.swift; path = AppDelegate.swift; sourceTree = "<group>"; };
		8895EF3221912CF70090DDC0 /* Base */ = {isa = PBXFileReference; lastKnownFileType = file.storyboard; name = Base; path = Base.lproj/Main.storyboard; sourceTree = "<group>"; };
		8895EF3421912CF90090DDC0 /* Assets.xcassets */ = {isa = PBXFileReference; lastKnownFileType = folder.assetcatalog; path = Assets.xcassets; sourceTree = "<group>"; };
		8895EF3721912CF90090DDC0 /* Base */ = {isa = PBXFileReference; lastKnownFileType = file.storyboard; name = Base; path = Base.lproj/LaunchScreen.storyboard; sourceTree = "<group>"; };
		8895EF3921912CF90090DDC0 /* Info.plist */ = {isa = PBXFileReference; lastKnownFileType = text.plist.xml; path = Info.plist; sourceTree = "<group>"; };
		8895EF3E21912CFA0090DDC0 /* DY-DEMOTests.xctest */ = {isa = PBXFileReference; explicitFileType = wrapper.cfbundle; includeInIndex = 0; path = "DY-DEMOTests.xctest"; sourceTree = BUILT_PRODUCTS_DIR; };
		8895EF4221912CFA0090DDC0 /* DY_DEMOTests.swift */ = {isa = PBXFileReference; lastKnownFileType = sourcecode.swift; path = DY_DEMOTests.swift; sourceTree = "<group>"; };
		8895EF4421912CFA0090DDC0 /* Info.plist */ = {isa = PBXFileReference; lastKnownFileType = text.plist.xml; path = Info.plist; sourceTree = "<group>"; };
		8895EF4921912CFA0090DDC0 /* DY-DEMOUITests.xctest */ = {isa = PBXFileReference; explicitFileType = wrapper.cfbundle; includeInIndex = 0; path = "DY-DEMOUITests.xctest"; sourceTree = BUILT_PRODUCTS_DIR; };
		8895EF4D21912CFA0090DDC0 /* DY_DEMOUITests.swift */ = {isa = PBXFileReference; lastKnownFileType = sourcecode.swift; path = DY_DEMOUITests.swift; sourceTree = "<group>"; };
		8895EF4F21912CFA0090DDC0 /* Info.plist */ = {isa = PBXFileReference; lastKnownFileType = text.plist.xml; path = Info.plist; sourceTree = "<group>"; };
/* End PBXFileReference section */

/* Begin PBXFrameworksBuildPhase section */
		8895EF2721912CF70090DDC0 /* Frameworks */ = {
			isa = PBXFrameworksBuildPhase;
			buildActionMask = 2147483647;
			files = (
			);
			runOnlyForDeploymentPostprocessing = 0;
		};
		8895EF3B21912CFA0090DDC0 /* Frameworks */ = {
			isa = PBXFrameworksBuildPhase;
			buildActionMask = 2147483647;
			files = (
			);
			runOnlyForDeploymentPostprocessing = 0;
		};
		8895EF4621912CFA0090DDC0 /* Frameworks */ = {
			isa = PBXFrameworksBuildPhase;
			buildActionMask = 2147483647;
			files = (
			);
			runOnlyForDeploymentPostprocessing = 0;
		};
/* End PBXFrameworksBuildPhase section */

/* Begin PBXGroup section */
		8895EF2121912CF70090DDC0 = {
			isa = PBXGroup;
			children = (
				8895EF2C21912CF70090DDC0 /* DY-DEMO */,
				8895EF4121912CFA0090DDC0 /* DY-DEMOTests */,
				8895EF4C21912CFA0090DDC0 /* DY-DEMOUITests */,
				8895EF2B21912CF70090DDC0 /* Products */,
			);
			sourceTree = "<group>";
		};
		8895EF2B21912CF70090DDC0 /* Products */ = {
			isa = PBXGroup;
			children = (
				8895EF2A21912CF70090DDC0 /* DY-DEMO.app */,
				8895EF3E21912CFA0090DDC0 /* DY-DEMOTests.xctest */,
				8895EF4921912CFA0090DDC0 /* DY-DEMOUITests.xctest */,
			);
			name = Products;
			sourceTree = "<group>";
		};
		8895EF2C21912CF70090DDC0 /* DY-DEMO */ = {
			isa = PBXGroup;
			children = (
				88EEA1FE21913D3F00E7122B /* Classes */,
				8895EF2D21912CF70090DDC0 /* AppDelegate.swift */,
				8895EF3121912CF70090DDC0 /* Main.storyboard */,
				8895EF3421912CF90090DDC0 /* Assets.xcassets */,
				8895EF3621912CF90090DDC0 /* LaunchScreen.storyboard */,
				8895EF3921912CF90090DDC0 /* Info.plist */,
			);
			path = "DY-DEMO";
			sourceTree = "<group>";
		};
		8895EF4121912CFA0090DDC0 /* DY-DEMOTests */ = {
			isa = PBXGroup;
			children = (
				8895EF4221912CFA0090DDC0 /* DY_DEMOTests.swift */,
				8895EF4421912CFA0090DDC0 /* Info.plist */,
			);
			path = "DY-DEMOTests";
			sourceTree = "<group>";
		};
		8895EF4C21912CFA0090DDC0 /* DY-DEMOUITests */ = {
			isa = PBXGroup;
			children = (
				8895EF4D21912CFA0090DDC0 /* DY_DEMOUITests.swift */,
				8895EF4F21912CFA0090DDC0 /* Info.plist */,
			);
			path = "DY-DEMOUITests";
			sourceTree = "<group>";
		};
		88EEA1FE21913D3F00E7122B /* Classes */ = {
			isa = PBXGroup;
			children = (
				88EEA20421913D3F00E7122B /* Main */,
				88EEA1FF21913D3F00E7122B /* Home */,
				88EEA20321913D3F00E7122B /* Live */,
				88EEA20121913D3F00E7122B /* Follow */,
				88EEA20221913D3F00E7122B /* Profile */,
				88EEA20021913D3F00E7122B /* Tools */,
			);
			path = Classes;
			sourceTree = "<group>";
		};
		88EEA1FF21913D3F00E7122B /* Home */ = {
			isa = PBXGroup;
			children = (
			);
			path = Home;
			sourceTree = "<group>";
		};
		88EEA20021913D3F00E7122B /* Tools */ = {
			isa = PBXGroup;
			children = (
			);
			path = Tools;
			sourceTree = "<group>";
		};
		88EEA20121913D3F00E7122B /* Follow */ = {
			isa = PBXGroup;
			children = (
			);
			path = Follow;
			sourceTree = "<group>";
		};
		88EEA20221913D3F00E7122B /* Profile */ = {
			isa = PBXGroup;
			children = (
			);
			path = Profile;
			sourceTree = "<group>";
		};
		88EEA20321913D3F00E7122B /* Live */ = {
			isa = PBXGroup;
			children = (
			);
			path = Live;
			sourceTree = "<group>";
		};
		88EEA20421913D3F00E7122B /* Main */ = {
			isa = PBXGroup;
			children = (
			);
			path = Main;
			sourceTree = "<group>";
		};
/* End PBXGroup section */

/* Begin PBXNativeTarget section */
		8895EF2921912CF70090DDC0 /* DY-DEMO */ = {
			isa = PBXNativeTarget;
			buildConfigurationList = 8895EF5221912CFA0090DDC0 /* Build configuration list for PBXNativeTarget "DY-DEMO" */;
			buildPhases = (
				8895EF2621912CF70090DDC0 /* Sources */,
				8895EF2721912CF70090DDC0 /* Frameworks */,
				8895EF2821912CF70090DDC0 /* Resources */,
			);
			buildRules = (
			);
			dependencies = (
			);
			name = "DY-DEMO";
			productName = "DY-DEMO";
			productReference = 8895EF2A21912CF70090DDC0 /* DY-DEMO.app */;
			productType = "com.apple.product-type.application";
		};
		8895EF3D21912CFA0090DDC0 /* DY-DEMOTests */ = {
			isa = PBXNativeTarget;
			buildConfigurationList = 8895EF5521912CFA0090DDC0 /* Build configuration list for PBXNativeTarget "DY-DEMOTests" */;
			buildPhases = (
				8895EF3A21912CFA0090DDC0 /* Sources */,
				8895EF3B21912CFA0090DDC0 /* Frameworks */,
				8895EF3C21912CFA0090DDC0 /* Resources */,
			);
			buildRules = (
			);
			dependencies = (
				8895EF4021912CFA0090DDC0 /* PBXTargetDependency */,
			);
			name = "DY-DEMOTests";
			productName = "DY-DEMOTests";
			productReference = 8895EF3E21912CFA0090DDC0 /* DY-DEMOTests.xctest */;
			productType = "com.apple.product-type.bundle.unit-test";
		};
		8895EF4821912CFA0090DDC0 /* DY-DEMOUITests */ = {
			isa = PBXNativeTarget;
			buildConfigurationList = 8895EF5821912CFA0090DDC0 /* Build configuration list for PBXNativeTarget "DY-DEMOUITests" */;
			buildPhases = (
				8895EF4521912CFA0090DDC0 /* Sources */,
				8895EF4621912CFA0090DDC0 /* Frameworks */,
				8895EF4721912CFA0090DDC0 /* Resources */,
			);
			buildRules = (
			);
			dependencies = (
				8895EF4B21912CFA0090DDC0 /* PBXTargetDependency */,
			);
			name = "DY-DEMOUITests";
			productName = "DY-DEMOUITests";
			productReference = 8895EF4921912CFA0090DDC0 /* DY-DEMOUITests.xctest */;
			productType = "com.apple.product-type.bundle.ui-testing";
		};
/* End PBXNativeTarget section */

/* Begin PBXProject section */
		8895EF2221912CF70090DDC0 /* Project object */ = {
			isa = PBXProject;
			attributes = {
				LastSwiftUpdateCheck = 1010;
				LastUpgradeCheck = 1010;
				ORGANIZATIONNAME = mabaowei;
				TargetAttributes = {
					8895EF2921912CF70090DDC0 = {
						CreatedOnToolsVersion = 10.1;
					};
					8895EF3D21912CFA0090DDC0 = {
						CreatedOnToolsVersion = 10.1;
						TestTargetID = 8895EF2921912CF70090DDC0;
					};
					8895EF4821912CFA0090DDC0 = {
						CreatedOnToolsVersion = 10.1;
						TestTargetID = 8895EF2921912CF70090DDC0;
					};
				};
			};
			buildConfigurationList = 8895EF2521912CF70090DDC0 /* Build configuration list for PBXProject "DY-DEMO" */;
			compatibilityVersion = "Xcode 9.3";
			developmentRegion = en;
			hasScannedForEncodings = 0;
			knownRegions = (
				en,
				Base,
			);
			mainGroup = 8895EF2121912CF70090DDC0;
			productRefGroup = 8895EF2B21912CF70090DDC0 /* Products */;
			projectDirPath = "";
			projectRoot = "";
			targets = (
				8895EF2921912CF70090DDC0 /* DY-DEMO */,
				8895EF3D21912CFA0090DDC0 /* DY-DEMOTests */,
				8895EF4821912CFA0090DDC0 /* DY-DEMOUITests */,
			);
		};
/* End PBXProject section */

/* Begin PBXResourcesBuildPhase section */
		8895EF2821912CF70090DDC0 /* Resources */ = {
			isa = PBXResourcesBuildPhase;
			buildActionMask = 2147483647;
			files = (
				8895EF3821912CF90090DDC0 /* LaunchScreen.storyboard in Resources */,
				8895EF3521912CF90090DDC0 /* Assets.xcassets in Resources */,
				8895EF3321912CF70090DDC0 /* Main.storyboard in Resources */,
			);
			runOnlyForDeploymentPostprocessing = 0;
		};
		8895EF3C21912CFA0090DDC0 /* Resources */ = {
			isa = PBXResourcesBuildPhase;
			buildActionMask = 2147483647;
			files = (
			);
			runOnlyForDeploymentPostprocessing = 0;
		};
		8895EF4721912CFA0090DDC0 /* Resources */ = {
			isa = PBXResourcesBuildPhase;
			buildActionMask = 2147483647;
			files = (
			);
			runOnlyForDeploymentPostprocessing = 0;
		};
/* End PBXResourcesBuildPhase section */

/* Begin PBXSourcesBuildPhase section */
		8895EF2621912CF70090DDC0 /* Sources */ = {
			isa = PBXSourcesBuildPhase;
			buildActionMask = 2147483647;
			files = (
				8895EF2E21912CF70090DDC0 /* AppDelegate.swift in Sources */,
			);
			runOnlyForDeploymentPostprocessing = 0;
		};
		8895EF3A21912CFA0090DDC0 /* Sources */ = {
			isa = PBXSourcesBuildPhase;
			buildActionMask = 2147483647;
			files = (
				8895EF4321912CFA0090DDC0 /* DY_DEMOTests.swift in Sources */,
			);
			runOnlyForDeploymentPostprocessing = 0;
		};
		8895EF4521912CFA0090DDC0 /* Sources */ = {
			isa = PBXSourcesBuildPhase;
			buildActionMask = 2147483647;
			files = (
				8895EF4E21912CFA0090DDC0 /* DY_DEMOUITests.swift in Sources */,
			);
			runOnlyForDeploymentPostprocessing = 0;
		};
/* End PBXSourcesBuildPhase section */

/* Begin PBXTargetDependency section */
		8895EF4021912CFA0090DDC0 /* PBXTargetDependency */ = {
			isa = PBXTargetDependency;
			target = 8895EF2921912CF70090DDC0 /* DY-DEMO */;
			targetProxy = 8895EF3F21912CFA0090DDC0 /* PBXContainerItemProxy */;
		};
		8895EF4B21912CFA0090DDC0 /* PBXTargetDependency */ = {
			isa = PBXTargetDependency;
			target = 8895EF2921912CF70090DDC0 /* DY-DEMO */;
			targetProxy = 8895EF4A21912CFA0090DDC0 /* PBXContainerItemProxy */;
		};
/* End PBXTargetDependency section */

/* Begin PBXVariantGroup section */
		8895EF3121912CF70090DDC0 /* Main.storyboard */ = {
			isa = PBXVariantGroup;
			children = (
				8895EF3221912CF70090DDC0 /* Base */,
			);
			name = Main.storyboard;
			sourceTree = "<group>";
		};
		8895EF3621912CF90090DDC0 /* LaunchScreen.storyboard */ = {
			isa = PBXVariantGroup;
			children = (
				8895EF3721912CF90090DDC0 /* Base */,
			);
			name = LaunchScreen.storyboard;
			sourceTree = "<group>";
		};
/* End PBXVariantGroup section */

/* Begin XCBuildConfiguration section */
		8895EF5021912CFA0090DDC0 /* Debug */ = {
			isa = XCBuildConfiguration;
			buildSettings = {
				ALWAYS_SEARCH_USER_PATHS = NO;
				CLANG_ANALYZER_NONNULL = YES;
				CLANG_ANALYZER_NUMBER_OBJECT_CONVERSION = YES_AGGRESSIVE;
				CLANG_CXX_LANGUAGE_STANDARD = "gnu++14";
				CLANG_CXX_LIBRARY = "libc++";
				CLANG_ENABLE_MODULES = YES;
				CLANG_ENABLE_OBJC_ARC = YES;
				CLANG_ENABLE_OBJC_WEAK = YES;
				CLANG_WARN_BLOCK_CAPTURE_AUTORELEASING = YES;
				CLANG_WARN_BOOL_CONVERSION = YES;
				CLANG_WARN_COMMA = YES;
				CLANG_WARN_CONSTANT_CONVERSION = YES;
				CLANG_WARN_DEPRECATED_OBJC_IMPLEMENTATIONS = YES;
				CLANG_WARN_DIRECT_OBJC_ISA_USAGE = YES_ERROR;
				CLANG_WARN_DOCUMENTATION_COMMENTS = YES;
				CLANG_WARN_EMPTY_BODY = YES;
				CLANG_WARN_ENUM_CONVERSION = YES;
				CLANG_WARN_INFINITE_RECURSION = YES;
				CLANG_WARN_INT_CONVERSION = YES;
				CLANG_WARN_NON_LITERAL_NULL_CONVERSION = YES;
				CLANG_WARN_OBJC_IMPLICIT_RETAIN_SELF = YES;
				CLANG_WARN_OBJC_LITERAL_CONVERSION = YES;
				CLANG_WARN_OBJC_ROOT_CLASS = YES_ERROR;
				CLANG_WARN_RANGE_LOOP_ANALYSIS = YES;
				CLANG_WARN_STRICT_PROTOTYPES = YES;
				CLANG_WARN_SUSPICIOUS_MOVE = YES;
				CLANG_WARN_UNGUARDED_AVAILABILITY = YES_AGGRESSIVE;
				CLANG_WARN_UNREACHABLE_CODE = YES;
				CLANG_WARN__DUPLICATE_METHOD_MATCH = YES;
				CODE_SIGN_IDENTITY = "iPhone Developer";
				COPY_PHASE_STRIP = NO;
				DEBUG_INFORMATION_FORMAT = dwarf;
				ENABLE_STRICT_OBJC_MSGSEND = YES;
				ENABLE_TESTABILITY = YES;
				GCC_C_LANGUAGE_STANDARD = gnu11;
				GCC_DYNAMIC_NO_PIC = NO;
				GCC_NO_COMMON_BLOCKS = YES;
				GCC_OPTIMIZATION_LEVEL = 0;
				GCC_PREPROCESSOR_DEFINITIONS = (
					"DEBUG=1",
					"$(inherited)",
				);
				GCC_WARN_64_TO_32_BIT_CONVERSION = YES;
				GCC_WARN_ABOUT_RETURN_TYPE = YES_ERROR;
				GCC_WARN_UNDECLARED_SELECTOR = YES;
				GCC_WARN_UNINITIALIZED_AUTOS = YES_AGGRESSIVE;
				GCC_WARN_UNUSED_FUNCTION = YES;
				GCC_WARN_UNUSED_VARIABLE = YES;
				IPHONEOS_DEPLOYMENT_TARGET = 12.1;
				MTL_ENABLE_DEBUG_INFO = INCLUDE_SOURCE;
				MTL_FAST_MATH = YES;
				ONLY_ACTIVE_ARCH = YES;
				SDKROOT = iphoneos;
				SWIFT_ACTIVE_COMPILATION_CONDITIONS = DEBUG;
				SWIFT_OPTIMIZATION_LEVEL = "-Onone";
			};
			name = Debug;
		};
		8895EF5121912CFA0090DDC0 /* Release */ = {
			isa = XCBuildConfiguration;
			buildSettings = {
				ALWAYS_SEARCH_USER_PATHS = NO;
				CLANG_ANALYZER_NONNULL = YES;
				CLANG_ANALYZER_NUMBER_OBJECT_CONVERSION = YES_AGGRESSIVE;
				CLANG_CXX_LANGUAGE_STANDARD = "gnu++14";
				CLANG_CXX_LIBRARY = "libc++";
				CLANG_ENABLE_MODULES = YES;
				CLANG_ENABLE_OBJC_ARC = YES;
				CLANG_ENABLE_OBJC_WEAK = YES;
				CLANG_WARN_BLOCK_CAPTURE_AUTORELEASING = YES;
				CLANG_WARN_BOOL_CONVERSION = YES;
				CLANG_WARN_COMMA = YES;
				CLANG_WARN_CONSTANT_CONVERSION = YES;
				CLANG_WARN_DEPRECATED_OBJC_IMPLEMENTATIONS = YES;
				CLANG_WARN_DIRECT_OBJC_ISA_USAGE = YES_ERROR;
				CLANG_WARN_DOCUMENTATION_COMMENTS = YES;
				CLANG_WARN_EMPTY_BODY = YES;
				CLANG_WARN_ENUM_CONVERSION = YES;
				CLANG_WARN_INFINITE_RECURSION = YES;
				CLANG_WARN_INT_CONVERSION = YES;
				CLANG_WARN_NON_LITERAL_NULL_CONVERSION = YES;
				CLANG_WARN_OBJC_IMPLICIT_RETAIN_SELF = YES;
				CLANG_WARN_OBJC_LITERAL_CONVERSION = YES;
				CLANG_WARN_OBJC_ROOT_CLASS = YES_ERROR;
				CLANG_WARN_RANGE_LOOP_ANALYSIS = YES;
				CLANG_WARN_STRICT_PROTOTYPES = YES;
				CLANG_WARN_SUSPICIOUS_MOVE = YES;
				CLANG_WARN_UNGUARDED_AVAILABILITY = YES_AGGRESSIVE;
				CLANG_WARN_UNREACHABLE_CODE = YES;
				CLANG_WARN__DUPLICATE_METHOD_MATCH = YES;
				CODE_SIGN_IDENTITY = "iPhone Developer";
				COPY_PHASE_STRIP = NO;
				DEBUG_INFORMATION_FORMAT = "dwarf-with-dsym";
				ENABLE_NS_ASSERTIONS = NO;
				ENABLE_STRICT_OBJC_MSGSEND = YES;
				GCC_C_LANGUAGE_STANDARD = gnu11;
				GCC_NO_COMMON_BLOCKS = YES;
				GCC_WARN_64_TO_32_BIT_CONVERSION = YES;
				GCC_WARN_ABOUT_RETURN_TYPE = YES_ERROR;
				GCC_WARN_UNDECLARED_SELECTOR = YES;
				GCC_WARN_UNINITIALIZED_AUTOS = YES_AGGRESSIVE;
				GCC_WARN_UNUSED_FUNCTION = YES;
				GCC_WARN_UNUSED_VARIABLE = YES;
				IPHONEOS_DEPLOYMENT_TARGET = 12.1;
				MTL_ENABLE_DEBUG_INFO = NO;
				MTL_FAST_MATH = YES;
				SDKROOT = iphoneos;
				SWIFT_COMPILATION_MODE = wholemodule;
				SWIFT_OPTIMIZATION_LEVEL = "-O";
				VALIDATE_PRODUCT = YES;
			};
			name = Release;
		};
		8895EF5321912CFA0090DDC0 /* Debug */ = {
			isa = XCBuildConfiguration;
			buildSettings = {
				ASSETCATALOG_COMPILER_APPICON_NAME = AppIcon;
				CODE_SIGN_STYLE = Automatic;
				DEVELOPMENT_TEAM = KKS3LLN7XV;
				INFOPLIST_FILE = "DY-DEMO/Info.plist";
				LD_RUNPATH_SEARCH_PATHS = (
					"$(inherited)",
					"@executable_path/Frameworks",
				);
				PRODUCT_BUNDLE_IDENTIFIER = "com.DY-DEMO";
				PRODUCT_NAME = "$(TARGET_NAME)";
				SWIFT_VERSION = 4.2;
				TARGETED_DEVICE_FAMILY = "1,2";
			};
			name = Debug;
		};
		8895EF5421912CFA0090DDC0 /* Release */ = {
			isa = XCBuildConfiguration;
			buildSettings = {
				ASSETCATALOG_COMPILER_APPICON_NAME = AppIcon;
				CODE_SIGN_STYLE = Automatic;
				DEVELOPMENT_TEAM = KKS3LLN7XV;
				INFOPLIST_FILE = "DY-DEMO/Info.plist";
				LD_RUNPATH_SEARCH_PATHS = (
					"$(inherited)",
					"@executable_path/Frameworks",
				);
				PRODUCT_BUNDLE_IDENTIFIER = "com.DY-DEMO";
				PRODUCT_NAME = "$(TARGET_NAME)";
				SWIFT_VERSION = 4.2;
				TARGETED_DEVICE_FAMILY = "1,2";
			};
			name = Release;
		};
		8895EF5621912CFA0090DDC0 /* Debug */ = {
			isa = XCBuildConfiguration;
			buildSettings = {
				ALWAYS_EMBED_SWIFT_STANDARD_LIBRARIES = YES;
				BUNDLE_LOADER = "$(TEST_HOST)";
				CODE_SIGN_STYLE = Automatic;
				DEVELOPMENT_TEAM = KKS3LLN7XV;
				INFOPLIST_FILE = "DY-DEMOTests/Info.plist";
				LD_RUNPATH_SEARCH_PATHS = (
					"$(inherited)",
					"@executable_path/Frameworks",
					"@loader_path/Frameworks",
				);
				PRODUCT_BUNDLE_IDENTIFIER = "com.DY-DEMOTests";
				PRODUCT_NAME = "$(TARGET_NAME)";
				SWIFT_VERSION = 4.2;
				TARGETED_DEVICE_FAMILY = "1,2";
				TEST_HOST = "$(BUILT_PRODUCTS_DIR)/DY-DEMO.app/DY-DEMO";
			};
			name = Debug;
		};
		8895EF5721912CFA0090DDC0 /* Release */ = {
			isa = XCBuildConfiguration;
			buildSettings = {
				ALWAYS_EMBED_SWIFT_STANDARD_LIBRARIES = YES;
				BUNDLE_LOADER = "$(TEST_HOST)";
				CODE_SIGN_STYLE = Automatic;
				DEVELOPMENT_TEAM = KKS3LLN7XV;
				INFOPLIST_FILE = "DY-DEMOTests/Info.plist";
				LD_RUNPATH_SEARCH_PATHS = (
					"$(inherited)",
					"@executable_path/Frameworks",
					"@loader_path/Frameworks",
				);
				PRODUCT_BUNDLE_IDENTIFIER = "com.DY-DEMOTests";
				PRODUCT_NAME = "$(TARGET_NAME)";
				SWIFT_VERSION = 4.2;
				TARGETED_DEVICE_FAMILY = "1,2";
				TEST_HOST = "$(BUILT_PRODUCTS_DIR)/DY-DEMO.app/DY-DEMO";
			};
			name = Release;
		};
		8895EF5921912CFA0090DDC0 /* Debug */ = {
			isa = XCBuildConfiguration;
			buildSettings = {
				ALWAYS_EMBED_SWIFT_STANDARD_LIBRARIES = YES;
				CODE_SIGN_STYLE = Automatic;
				DEVELOPMENT_TEAM = KKS3LLN7XV;
				INFOPLIST_FILE = "DY-DEMOUITests/Info.plist";
				LD_RUNPATH_SEARCH_PATHS = (
					"$(inherited)",
					"@executable_path/Frameworks",
					"@loader_path/Frameworks",
				);
				PRODUCT_BUNDLE_IDENTIFIER = "com.DY-DEMOUITests";
				PRODUCT_NAME = "$(TARGET_NAME)";
				SWIFT_VERSION = 4.2;
				TARGETED_DEVICE_FAMILY = "1,2";
				TEST_TARGET_NAME = "DY-DEMO";
			};
			name = Debug;
		};
		8895EF5A21912CFA0090DDC0 /* Release */ = {
			isa = XCBuildConfiguration;
			buildSettings = {
				ALWAYS_EMBED_SWIFT_STANDARD_LIBRARIES = YES;
				CODE_SIGN_STYLE = Automatic;
				DEVELOPMENT_TEAM = KKS3LLN7XV;
				INFOPLIST_FILE = "DY-DEMOUITests/Info.plist";
				LD_RUNPATH_SEARCH_PATHS = (
					"$(inherited)",
					"@executable_path/Frameworks",
					"@loader_path/Frameworks",
				);
				PRODUCT_BUNDLE_IDENTIFIER = "com.DY-DEMOUITests";
				PRODUCT_NAME = "$(TARGET_NAME)";
				SWIFT_VERSION = 4.2;
				TARGETED_DEVICE_FAMILY = "1,2";
				TEST_TARGET_NAME = "DY-DEMO";
			};
			name = Release;
		};
/* End XCBuildConfiguration section */

/* Begin XCConfigurationList section */
		8895EF2521912CF70090DDC0 /* Build configuration list for PBXProject "DY-DEMO" */ = {
			isa = XCConfigurationList;
			buildConfigurations = (
				8895EF5021912CFA0090DDC0 /* Debug */,
				8895EF5121912CFA0090DDC0 /* Release */,
			);
			defaultConfigurationIsVisible = 0;
			defaultConfigurationName = Release;
		};
		8895EF5221912CFA0090DDC0 /* Build configuration list for PBXNativeTarget "DY-DEMO" */ = {
			isa = XCConfigurationList;
			buildConfigurations = (
				8895EF5321912CFA0090DDC0 /* Debug */,
				8895EF5421912CFA0090DDC0 /* Release */,
			);
			defaultConfigurationIsVisible = 0;
			defaultConfigurationName = Release;
		};
		8895EF5521912CFA0090DDC0 /* Build configuration list for PBXNativeTarget "DY-DEMOTests" */ = {
			isa = XCConfigurationList;
			buildConfigurations = (
				8895EF5621912CFA0090DDC0 /* Debug */,
				8895EF5721912CFA0090DDC0 /* Release */,
			);
			defaultConfigurationIsVisible = 0;
			defaultConfigurationName = Release;
		};
		8895EF5821912CFA0090DDC0 /* Build configuration list for PBXNativeTarget "DY-DEMOUITests" */ = {
			isa = XCConfigurationList;
			buildConfigurations = (
				8895EF5921912CFA0090DDC0 /* Debug */,
				8895EF5A21912CFA0090DDC0 /* Release */,
			);
			defaultConfigurationIsVisible = 0;
			defaultConfigurationName = Release;
		};
/* End XCConfigurationList section */
	};
	rootObject = 8895EF2221912CF70090DDC0 /* Project object */;
}
